
Microsoft Visual Studio Solution File, Format Version 12.00
# Visual Studio 15
VisualStudioVersion = 15.0.28010.2003
MinimumVisualStudioVersion = 10.0.40219.1
Project("{FAE04EC0-301F-11D3-BF4B-00C04F79EFBC}") = "WebApplication4", "WebApplication4\WebApplication4.csproj", "{80DC10D3-4AA9-41A1-9ECB-89D219CC9544}"
EndProject
Global
	GlobalSection(SolutionConfigurationPlatforms) = preSolution
		Debug|Any CPU = Debug|Any CPU
		Release|Any CPU = Release|Any CPU
	EndGlobalSection
	GlobalSection(ProjectConfigurationPlatforms) = postSolution
		{80DC10D3-4AA9-41A1-9ECB-89D219CC9544}.Debug|Any CPU.ActiveCfg = Debug|Any CPU
		{80DC10D3-4AA9-41A1-9ECB-89D219CC9544}.Debug|Any CPU.Build.0 = Debug|Any CPU
		{80DC10D3-4AA9-41A1-9ECB-89D219CC9544}.Release|Any CPU.ActiveCfg = Release|Any CPU
		{80DC10D3-4AA9-41A1-9ECB-89D219CC9544}.Release|Any CPU.Build.0 = Release|Any CPU
	EndGlobalSection
	GlobalSection(SolutionProperties) = preSolution
		HideSolutionNode = FALSE
	EndGlobalSection
	GlobalSection(ExtensibilityGlobals) = postSolution
		SolutionGuid = {388C6046-A6B2-4288-B218-8554FE42FCD8}
	EndGlobalSection
EndGlobal
